
Microsoft Visual Studio Solution File, Format Version 12.00
# Visual Studio Version 17
VisualStudioVersion = 17.14.36301.6 d17.14
MinimumVisualStudioVersion = 10.0.40219.1
Project("{FAE04EC0-301F-11D3-BF4B-00C04F79EFBC}") = "KafkaChatConsumer", "KafkaChatConsumer\KafkaChatConsumer.csproj", "{C4AA7FAD-1694-44E1-9F39-64059685E7CF}"
EndProject
Global
	GlobalSection(SolutionConfigurationPlatforms) = preSolution
		Debug|Any CPU = Debug|Any CPU
		Release|Any CPU = Release|Any CPU
	EndGlobalSection
	GlobalSection(ProjectConfigurationPlatforms) = postSolution
		{C4AA7FAD-1694-44E1-9F39-64059685E7CF}.Debug|Any CPU.ActiveCfg = Debug|Any CPU
		{C4AA7FAD-1694-44E1-9F39-64059685E7CF}.Debug|Any CPU.Build.0 = Debug|Any CPU
		{C4AA7FAD-1694-44E1-9F39-64059685E7CF}.Release|Any CPU.ActiveCfg = Release|Any CPU
		{C4AA7FAD-1694-44E1-9F39-64059685E7CF}.Release|Any CPU.Build.0 = Release|Any CPU
	EndGlobalSection
	GlobalSection(SolutionProperties) = preSolution
		HideSolutionNode = FALSE
	EndGlobalSection
	GlobalSection(ExtensibilityGlobals) = postSolution
		SolutionGuid = {9DE71FC9-2150-4020-A289-7EE4A882EB32}
	EndGlobalSection
EndGlobal
