
Microsoft Visual Studio Solution File, Format Version 12.00
# Visual Studio Version 17
VisualStudioVersion = 17.14.36221.1 d17.14
MinimumVisualStudioVersion = 10.0.40219.1
Project("{FAE04EC0-301F-11D3-BF4B-00C04F79EFBC}") = "EFCore8RetailStore", "EFCore8RetailStore\EFCore8RetailStore.csproj", "{80DC1B54-C4D3-412A-AEB8-08FC8C85924C}"
EndProject
Global
	GlobalSection(SolutionConfigurationPlatforms) = preSolution
		Debug|Any CPU = Debug|Any CPU
		Release|Any CPU = Release|Any CPU
	EndGlobalSection
	GlobalSection(ProjectConfigurationPlatforms) = postSolution
		{80DC1B54-C4D3-412A-AEB8-08FC8C85924C}.Debug|Any CPU.ActiveCfg = Debug|Any CPU
		{80DC1B54-C4D3-412A-AEB8-08FC8C85924C}.Debug|Any CPU.Build.0 = Debug|Any CPU
		{80DC1B54-C4D3-412A-AEB8-08FC8C85924C}.Release|Any CPU.ActiveCfg = Release|Any CPU
		{80DC1B54-C4D3-412A-AEB8-08FC8C85924C}.Release|Any CPU.Build.0 = Release|Any CPU
	EndGlobalSection
	GlobalSection(SolutionProperties) = preSolution
		HideSolutionNode = FALSE
	EndGlobalSection
	GlobalSection(ExtensibilityGlobals) = postSolution
		SolutionGuid = {D44DB51D-0159-4180-BFBD-1AF4C4BEC56E}
	EndGlobalSection
EndGlobal
