
Microsoft Visual Studio Solution File, Format Version 12.00
# Visual Studio Version 17
VisualStudioVersion = 17.14.36301.6 d17.14
MinimumVisualStudioVersion = 10.0.40219.1
Project("{FAE04EC0-301F-11D3-BF4B-00C04F79EFBC}") = "JwtAuthDemo", "JwtAuthDemo\JwtAuthDemo.csproj", "{B17863BB-0953-4D5B-B375-0634D8C5A65A}"
EndProject
Global
	GlobalSection(SolutionConfigurationPlatforms) = preSolution
		Debug|Any CPU = Debug|Any CPU
		Release|Any CPU = Release|Any CPU
	EndGlobalSection
	GlobalSection(ProjectConfigurationPlatforms) = postSolution
		{B17863BB-0953-4D5B-B375-0634D8C5A65A}.Debug|Any CPU.ActiveCfg = Debug|Any CPU
		{B17863BB-0953-4D5B-B375-0634D8C5A65A}.Debug|Any CPU.Build.0 = Debug|Any CPU
		{B17863BB-0953-4D5B-B375-0634D8C5A65A}.Release|Any CPU.ActiveCfg = Release|Any CPU
		{B17863BB-0953-4D5B-B375-0634D8C5A65A}.Release|Any CPU.Build.0 = Release|Any CPU
	EndGlobalSection
	GlobalSection(SolutionProperties) = preSolution
		HideSolutionNode = FALSE
	EndGlobalSection
	GlobalSection(ExtensibilityGlobals) = postSolution
		SolutionGuid = {C0E47FF2-8CD2-4A12-93F2-0A22140CEA5A}
	EndGlobalSection
EndGlobal
